// !$*UTF8*$!
{
	archiveVersion = 1;
	classes = {
	};
	objectVersion = 46;
	objects = {

/* Begin PBXBuildFile section */
		648C22C11D1A815D008D87F7 /* AppDelegate.swift in Sources */ = {isa = PBXBuildFile; fileRef = 648C22C01D1A815D008D87F7 /* AppDelegate.swift */; };
		648C22C31D1A815D008D87F7 /* ViewController.swift in Sources */ = {isa = PBXBuildFile; fileRef = 648C22C21D1A815D008D87F7 /* ViewController.swift */; };
		648C22C61D1A815D008D87F7 /* Main.storyboard in Resources */ = {isa = PBXBuildFile; fileRef = 648C22C41D1A815D008D87F7 /* Main.storyboard */; };
		648C22C81D1A815D008D87F7 /* Assets.xcassets in Resources */ = {isa = PBXBuildFile; fileRef = 648C22C71D1A815D008D87F7 /* Assets.xcassets */; };
		648C22CB1D1A815D008D87F7 /* LaunchScreen.storyboard in Resources */ = {isa = PBXBuildFile; fileRef = 648C22C91D1A815D008D87F7 /* LaunchScreen.storyboard */; };
		648C22D61D1A815D008D87F7 /* addTests.swift in Sources */ = {isa = PBXBuildFile; fileRef = 648C22D51D1A815D008D87F7 /* addTests.swift */; };
		648C22E11D1A815D008D87F7 /* addUITests.swift in Sources */ = {isa = PBXBuildFile; fileRef = 648C22E01D1A815D008D87F7 /* addUITests.swift */; };
/* End PBXBuildFile section */

/* Begin PBXContainerItemProxy section */
		648C22D21D1A815D008D87F7 /* PBXContainerItemProxy */ = {
			isa = PBXContainerItemProxy;
			containerPortal = 648C22B51D1A815D008D87F7 /* Project object */;
			proxyType = 1;
			remoteGlobalIDString = 648C22BC1D1A815D008D87F7;
			remoteInfo = add;
		};
		648C22DD1D1A815D008D87F7 /* PBXContainerItemProxy */ = {
			isa = PBXContainerItemProxy;
			containerPortal = 648C22B51D1A815D008D87F7 /* Project object */;
			proxyType = 1;
			remoteGlobalIDString = 648C22BC1D1A815D008D87F7;
			remoteInfo = add;
		};
/* End PBXContainerItemProxy section */

/* Begin PBXFileReference section */
		648C22BD1D1A815D008D87F7 /* add.app */ = {isa = PBXFileReference; explicitFileType = wrapper.application; includeInIndex = 0; path = add.app; sourceTree = BUILT_PRODUCTS_DIR; };
		648C22C01D1A815D008D87F7 /* AppDelegate.swift */ = {isa = PBXFileReference; lastKnownFileType = sourcecode.swift; path = AppDelegate.swift; sourceTree = "<group>"; };
		648C22C21D1A815D008D87F7 /* ViewController.swift */ = {isa = PBXFileReference; lastKnownFileType = sourcecode.swift; path = ViewController.swift; sourceTree = "<group>"; };
		648C22C51D1A815D008D87F7 /* Base */ = {isa = PBXFileReference; lastKnownFileType = file.storyboard; name = Base; path = Base.lproj/Main.storyboard; sourceTree = "<group>"; };
		648C22C71D1A815D008D87F7 /* Assets.xcassets */ = {isa = PBXFileReference; lastKnownFileType = folder.assetcatalog; path = Assets.xcassets; sourceTree = "<group>"; };
		648C22CA1D1A815D008D87F7 /* Base */ = {isa = PBXFileReference; lastKnownFileType = file.storyboard; name = Base; path = Base.lproj/LaunchScreen.storyboard; sourceTree = "<group>"; };
		648C22CC1D1A815D008D87F7 /* Info.plist */ = {isa = PBXFileReference; lastKnownFileType = text.plist.xml; path = Info.plist; sourceTree = "<group>"; };
		648C22D11D1A815D008D87F7 /* addTests.xctest */ = {isa = PBXFileReference; explicitFileType = wrapper.cfbundle; includeInIndex = 0; path = addTests.xctest; sourceTree = BUILT_PRODUCTS_DIR; };
		648C22D51D1A815D008D87F7 /* addTests.swift */ = {isa = PBXFileReference; lastKnownFileType = sourcecode.swift; path = addTests.swift; sourceTree = "<group>"; };
		648C22D71D1A815D008D87F7 /* Info.plist */ = {isa = PBXFileReference; lastKnownFileType = text.plist.xml; path = Info.plist; sourceTree = "<group>"; };
		648C22DC1D1A815D008D87F7 /* addUITests.xctest */ = {isa = PBXFileReference; explicitFileType = wrapper.cfbundle; includeInIndex = 0; path = addUITests.xctest; sourceTree = BUILT_PRODUCTS_DIR; };
		648C22E01D1A815D008D87F7 /* addUITests.swift */ = {isa = PBXFileReference; lastKnownFileType = sourcecode.swift; path = addUITests.swift; sourceTree = "<group>"; };
		648C22E21D1A815D008D87F7 /* Info.plist */ = {isa = PBXFileReference; lastKnownFileType = text.plist.xml; path = Info.plist; sourceTree = "<group>"; };
/* End PBXFileReference section */

/* Begin PBXFrameworksBuildPhase section */
		648C22BA1D1A815D008D87F7 /* Frameworks */ = {
			isa = PBXFrameworksBuildPhase;
			buildActionMask = 2147483647;
			files = (
			);
			runOnlyForDeploymentPostprocessing = 0;
		};
		648C22CE1D1A815D008D87F7 /* Frameworks */ = {
			isa = PBXFrameworksBuildPhase;
			buildActionMask = 2147483647;
			files = (
			);
			runOnlyForDeploymentPostprocessing = 0;
		};
		648C22D91D1A815D008D87F7 /* Frameworks */ = {
			isa = PBXFrameworksBuildPhase;
			buildActionMask = 2147483647;
			files = (
			);
			runOnlyForDeploymentPostprocessing = 0;
		};
/* End PBXFrameworksBuildPhase section */

/* Begin PBXGroup section */
		648C22B41D1A815D008D87F7 = {
			isa = PBXGroup;
			children = (
				648C22BF1D1A815D008D87F7 /* add */,
				648C22D41D1A815D008D87F7 /* addTests */,
				648C22DF1D1A815D008D87F7 /* addUITests */,
				648C22BE1D1A815D008D87F7 /* Products */,
			);
			sourceTree = "<group>";
		};
		648C22BE1D1A815D008D87F7 /* Products */ = {
			isa = PBXGroup;
			children = (
				648C22BD1D1A815D008D87F7 /* add.app */,
				648C22D11D1A815D008D87F7 /* addTests.xctest */,
				648C22DC1D1A815D008D87F7 /* addUITests.xctest */,
			);
			name = Products;
			sourceTree = "<group>";
		};
		648C22BF1D1A815D008D87F7 /* add */ = {
			isa = PBXGroup;
			children = (
				648C22C01D1A815D008D87F7 /* AppDelegate.swift */,
				648C22C21D1A815D008D87F7 /* ViewController.swift */,
				648C22C41D1A815D008D87F7 /* Main.storyboard */,
				648C22C71D1A815D008D87F7 /* Assets.xcassets */,
				648C22C91D1A815D008D87F7 /* LaunchScreen.storyboard */,
				648C22CC1D1A815D008D87F7 /* Info.plist */,
			);
			path = add;
			sourceTree = "<group>";
		};
		648C22D41D1A815D008D87F7 /* addTests */ = {
			isa = PBXGroup;
			children = (
				648C22D51D1A815D008D87F7 /* addTests.swift */,
				648C22D71D1A815D008D87F7 /* Info.plist */,
			);
			path = addTests;
			sourceTree = "<group>";
		};
		648C22DF1D1A815D008D87F7 /* addUITests */ = {
			isa = PBXGroup;
			children = (
				648C22E01D1A815D008D87F7 /* addUITests.swift */,
				648C22E21D1A815D008D87F7 /* Info.plist */,
			);
			path = addUITests;
			sourceTree = "<group>";
		};
/* End PBXGroup section */

/* Begin PBXNativeTarget section */
		648C22BC1D1A815D008D87F7 /* add */ = {
			isa = PBXNativeTarget;
			buildConfigurationList = 648C22E51D1A815D008D87F7 /* Build configuration list for PBXNativeTarget "add" */;
			buildPhases = (
				648C22B91D1A815D008D87F7 /* Sources */,
				648C22BA1D1A815D008D87F7 /* Frameworks */,
				648C22BB1D1A815D008D87F7 /* Resources */,
			);
			buildRules = (
			);
			dependencies = (
			);
			name = add;
			productName = add;
			productReference = 648C22BD1D1A815D008D87F7 /* add.app */;
			productType = "com.apple.product-type.application";
		};
		648C22D01D1A815D008D87F7 /* addTests */ = {
			isa = PBXNativeTarget;
			buildConfigurationList = 648C22E81D1A815D008D87F7 /* Build configuration list for PBXNativeTarget "addTests" */;
			buildPhases = (
				648C22CD1D1A815D008D87F7 /* Sources */,
				648C22CE1D1A815D008D87F7 /* Frameworks */,
				648C22CF1D1A815D008D87F7 /* Resources */,
			);
			buildRules = (
			);
			dependencies = (
				648C22D31D1A815D008D87F7 /* PBXTargetDependency */,
			);
			name = addTests;
			productName = addTests;
			productReference = 648C22D11D1A815D008D87F7 /* addTests.xctest */;
			productType = "com.apple.product-type.bundle.unit-test";
		};
		648C22DB1D1A815D008D87F7 /* addUITests */ = {
			isa = PBXNativeTarget;
			buildConfigurationList = 648C22EB1D1A815D008D87F7 /* Build configuration list for PBXNativeTarget "addUITests" */;
			buildPhases = (
				648C22D81D1A815D008D87F7 /* Sources */,
				648C22D91D1A815D008D87F7 /* Frameworks */,
				648C22DA1D1A815D008D87F7 /* Resources */,
			);
			buildRules = (
			);
			dependencies = (
				648C22DE1D1A815D008D87F7 /* PBXTargetDependency */,
			);
			name = addUITests;
			productName = addUITests;
			productReference = 648C22DC1D1A815D008D87F7 /* addUITests.xctest */;
			productType = "com.apple.product-type.bundle.ui-testing";
		};
/* End PBXNativeTarget section */

/* Begin PBXProject section */
		648C22B51D1A815D008D87F7 /* Project object */ = {
			isa = PBXProject;
			attributes = {
				LastSwiftUpdateCheck = 0730;
				LastUpgradeCheck = 0730;
				ORGANIZATIONNAME = yuan;
				TargetAttributes = {
					648C22BC1D1A815D008D87F7 = {
						CreatedOnToolsVersion = 7.3.1;
					};
					648C22D01D1A815D008D87F7 = {
						CreatedOnToolsVersion = 7.3.1;
						TestTargetID = 648C22BC1D1A815D008D87F7;
					};
					648C22DB1D1A815D008D87F7 = {
						CreatedOnToolsVersion = 7.3.1;
						TestTargetID = 648C22BC1D1A815D008D87F7;
					};
				};
			};
			buildConfigurationList = 648C22B81D1A815D008D87F7 /* Build configuration list for PBXProject "add" */;
			compatibilityVersion = "Xcode 3.2";
			developmentRegion = English;
			hasScannedForEncodings = 0;
			knownRegions = (
				en,
				Base,
			);
			mainGroup = 648C22B41D1A815D008D87F7;
			productRefGroup = 648C22BE1D1A815D008D87F7 /* Products */;
			projectDirPath = "";
			projectRoot = "";
			targets = (
				648C22BC1D1A815D008D87F7 /* add */,
				648C22D01D1A815D008D87F7 /* addTests */,
				648C22DB1D1A815D008D87F7 /* addUITests */,
			);
		};
/* End PBXProject section */

/* Begin PBXResourcesBuildPhase section */
		648C22BB1D1A815D008D87F7 /* Resources */ = {
			isa = PBXResourcesBuildPhase;
			buildActionMask = 2147483647;
			files = (
				648C22CB1D1A815D008D87F7 /* LaunchScreen.storyboard in Resources */,
				648C22C81D1A815D008D87F7 /* Assets.xcassets in Resources */,
				648C22C61D1A815D008D87F7 /* Main.storyboard in Resources */,
			);
			runOnlyForDeploymentPostprocessing = 0;
		};
		648C22CF1D1A815D008D87F7 /* Resources */ = {
			isa = PBXResourcesBuildPhase;
			buildActionMask = 2147483647;
			files = (
			);
			runOnlyForDeploymentPostprocessing = 0;
		};
		648C22DA1D1A815D008D87F7 /* Resources */ = {
			isa = PBXResourcesBuildPhase;
			buildActionMask = 2147483647;
			files = (
			);
			runOnlyForDeploymentPostprocessing = 0;
		};
/* End PBXResourcesBuildPhase section */

/* Begin PBXSourcesBuildPhase section */
		648C22B91D1A815D008D87F7 /* Sources */ = {
			isa = PBXSourcesBuildPhase;
			buildActionMask = 2147483647;
			files = (
				648C22C31D1A815D008D87F7 /* ViewController.swift in Sources */,
				648C22C11D1A815D008D87F7 /* AppDelegate.swift in Sources */,
			);
			runOnlyForDeploymentPostprocessing = 0;
		};
		648C22CD1D1A815D008D87F7 /* Sources */ = {
			isa = PBXSourcesBuildPhase;
			buildActionMask = 2147483647;
			files = (
				648C22D61D1A815D008D87F7 /* addTests.swift in Sources */,
			);
			runOnlyForDeploymentPostprocessing = 0;
		};
		648C22D81D1A815D008D87F7 /* Sources */ = {
			isa = PBXSourcesBuildPhase;
			buildActionMask = 2147483647;
			files = (
				648C22E11D1A815D008D87F7 /* addUITests.swift in Sources */,
			);
			runOnlyForDeploymentPostprocessing = 0;
		};
/* End PBXSourcesBuildPhase section */

/* Begin PBXTargetDependency section */
		648C22D31D1A815D008D87F7 /* PBXTargetDependency */ = {
			isa = PBXTargetDependency;
			target = 648C22BC1D1A815D008D87F7 /* add */;
			targetProxy = 648C22D21D1A815D008D87F7 /* PBXContainerItemProxy */;
		};
		648C22DE1D1A815D008D87F7 /* PBXTargetDependency */ = {
			isa = PBXTargetDependency;
			target = 648C22BC1D1A815D008D87F7 /* add */;
			targetProxy = 648C22DD1D1A815D008D87F7 /* PBXContainerItemProxy */;
		};
/* End PBXTargetDependency section */

/* Begin PBXVariantGroup section */
		648C22C41D1A815D008D87F7 /* Main.storyboard */ = {
			isa = PBXVariantGroup;
			children = (
				648C22C51D1A815D008D87F7 /* Base */,
			);
			name = Main.storyboard;
			sourceTree = "<group>";
		};
		648C22C91D1A815D008D87F7 /* LaunchScreen.storyboard */ = {
			isa = PBXVariantGroup;
			children = (
				648C22CA1D1A815D008D87F7 /* Base */,
			);
			name = LaunchScreen.storyboard;
			sourceTree = "<group>";
		};
/* End PBXVariantGroup section */

/* Begin XCBuildConfiguration section */
		648C22E31D1A815D008D87F7 /* Debug */ = {
			isa = XCBuildConfiguration;
			buildSettings = {
				ALWAYS_SEARCH_USER_PATHS = NO;
				CLANG_ANALYZER_NONNULL = YES;
				CLANG_CXX_LANGUAGE_STANDARD = "gnu++0x";
				CLANG_CXX_LIBRARY = "libc++";
				CLANG_ENABLE_MODULES = YES;
				CLANG_ENABLE_OBJC_ARC = YES;
				CLANG_WARN_BOOL_CONVERSION = YES;
				CLANG_WARN_CONSTANT_CONVERSION = YES;
				CLANG_WARN_DIRECT_OBJC_ISA_USAGE = YES_ERROR;
				CLANG_WARN_EMPTY_BODY = YES;
				CLANG_WARN_ENUM_CONVERSION = YES;
				CLANG_WARN_INT_CONVERSION = YES;
				CLANG_WARN_OBJC_ROOT_CLASS = YES_ERROR;
				CLANG_WARN_UNREACHABLE_CODE = YES;
				CLANG_WARN__DUPLICATE_METHOD_MATCH = YES;
				"CODE_SIGN_IDENTITY[sdk=iphoneos*]" = "iPhone Developer";
				COPY_PHASE_STRIP = NO;
				DEBUG_INFORMATION_FORMAT = dwarf;
				ENABLE_STRICT_OBJC_MSGSEND = YES;
				ENABLE_TESTABILITY = YES;
				GCC_C_LANGUAGE_STANDARD = gnu99;
				GCC_DYNAMIC_NO_PIC = NO;
				GCC_NO_COMMON_BLOCKS = YES;
				GCC_OPTIMIZATION_LEVEL = 0;
				GCC_PREPROCESSOR_DEFINITIONS = (
					"DEBUG=1",
					"$(inherited)",
				);
				GCC_WARN_64_TO_32_BIT_CONVERSION = YES;
				GCC_WARN_ABOUT_RETURN_TYPE = YES_ERROR;
				GCC_WARN_UNDECLARED_SELECTOR = YES;
				GCC_WARN_UNINITIALIZED_AUTOS = YES_AGGRESSIVE;
				GCC_WARN_UNUSED_FUNCTION = YES;
				GCC_WARN_UNUSED_VARIABLE = YES;
				IPHONEOS_DEPLOYMENT_TARGET = 9.3;
				MTL_ENABLE_DEBUG_INFO = YES;
				ONLY_ACTIVE_ARCH = YES;
				SDKROOT = iphoneos;
				SWIFT_OPTIMIZATION_LEVEL = "-Onone";
				TARGETED_DEVICE_FAMILY = "1,2";
			};
			name = Debug;
		};
		648C22E41D1A815D008D87F7 /* Release */ = {
			isa = XCBuildConfiguration;
			buildSettings = {
				ALWAYS_SEARCH_USER_PATHS = NO;
				CLANG_ANALYZER_NONNULL = YES;
				CLANG_CXX_LANGUAGE_STANDARD = "gnu++0x";
				CLANG_CXX_LIBRARY = "libc++";
				CLANG_ENABLE_MODULES = YES;
				CLANG_ENABLE_OBJC_ARC = YES;
				CLANG_WARN_BOOL_CONVERSION = YES;
				CLANG_WARN_CONSTANT_CONVERSION = YES;
				CLANG_WARN_DIRECT_OBJC_ISA_USAGE = YES_ERROR;
				CLANG_WARN_EMPTY_BODY = YES;
				CLANG_WARN_ENUM_CONVERSION = YES;
				CLANG_WARN_INT_CONVERSION = YES;
				CLANG_WARN_OBJC_ROOT_CLASS = YES_ERROR;
				CLANG_WARN_UNREACHABLE_CODE = YES;
				CLANG_WARN__DUPLICATE_METHOD_MATCH = YES;
				"CODE_SIGN_IDENTITY[sdk=iphoneos*]" = "iPhone Developer";
				COPY_PHASE_STRIP = NO;
				DEBUG_INFORMATION_FORMAT = "dwarf-with-dsym";
				ENABLE_NS_ASSERTIONS = NO;
				ENABLE_STRICT_OBJC_MSGSEND = YES;
				GCC_C_LANGUAGE_STANDARD = gnu99;
				GCC_NO_COMMON_BLOCKS = YES;
				GCC_WARN_64_TO_32_BIT_CONVERSION = YES;
				GCC_WARN_ABOUT_RETURN_TYPE = YES_ERROR;
				GCC_WARN_UNDECLARED_SELECTOR = YES;
				GCC_WARN_UNINITIALIZED_AUTOS = YES_AGGRESSIVE;
				GCC_WARN_UNUSED_FUNCTION = YES;
				GCC_WARN_UNUSED_VARIABLE = YES;
				IPHONEOS_DEPLOYMENT_TARGET = 9.3;
				MTL_ENABLE_DEBUG_INFO = NO;
				SDKROOT = iphoneos;
				TARGETED_DEVICE_FAMILY = "1,2";
				VALIDATE_PRODUCT = YES;
			};
			name = Release;
		};
		648C22E61D1A815D008D87F7 /* Debug */ = {
			isa = XCBuildConfiguration;
			buildSettings = {
				ASSETCATALOG_COMPILER_APPICON_NAME = AppIcon;
				INFOPLIST_FILE = add/Info.plist;
				LD_RUNPATH_SEARCH_PATHS = "$(inherited) @executable_path/Frameworks";
				PRODUCT_BUNDLE_IDENTIFIER = szy.add;
				PRODUCT_NAME = "$(TARGET_NAME)";
			};
			name = Debug;
		};
		648C22E71D1A815D008D87F7 /* Release */ = {
			isa = XCBuildConfiguration;
			buildSettings = {
				ASSETCATALOG_COMPILER_APPICON_NAME = AppIcon;
				INFOPLIST_FILE = add/Info.plist;
				LD_RUNPATH_SEARCH_PATHS = "$(inherited) @executable_path/Frameworks";
				PRODUCT_BUNDLE_IDENTIFIER = szy.add;
				PRODUCT_NAME = "$(TARGET_NAME)";
			};
			name = Release;
		};
		648C22E91D1A815D008D87F7 /* Debug */ = {
			isa = XCBuildConfiguration;
			buildSettings = {
				BUNDLE_LOADER = "$(TEST_HOST)";
				INFOPLIST_FILE = addTests/Info.plist;
				LD_RUNPATH_SEARCH_PATHS = "$(inherited) @executable_path/Frameworks @loader_path/Frameworks";
				PRODUCT_BUNDLE_IDENTIFIER = szy.addTests;
				PRODUCT_NAME = "$(TARGET_NAME)";
				TEST_HOST = "$(BUILT_PRODUCTS_DIR)/add.app/add";
			};
			name = Debug;
		};
		648C22EA1D1A815D008D87F7 /* Release */ = {
			isa = XCBuildConfiguration;
			buildSettings = {
				BUNDLE_LOADER = "$(TEST_HOST)";
				INFOPLIST_FILE = addTests/Info.plist;
				LD_RUNPATH_SEARCH_PATHS = "$(inherited) @executable_path/Frameworks @loader_path/Frameworks";
				PRODUCT_BUNDLE_IDENTIFIER = szy.addTests;
				PRODUCT_NAME = "$(TARGET_NAME)";
				TEST_HOST = "$(BUILT_PRODUCTS_DIR)/add.app/add";
			};
			name = Release;
		};
		648C22EC1D1A815D008D87F7 /* Debug */ = {
			isa = XCBuildConfiguration;
			buildSettings = {
				INFOPLIST_FILE = addUITests/Info.plist;
				LD_RUNPATH_SEARCH_PATHS = "$(inherited) @executable_path/Frameworks @loader_path/Frameworks";
				PRODUCT_BUNDLE_IDENTIFIER = szy.addUITests;
				PRODUCT_NAME = "$(TARGET_NAME)";
				TEST_TARGET_NAME = add;
			};
			name = Debug;
		};
		648C22ED1D1A815D008D87F7 /* Release */ = {
			isa = XCBuildConfiguration;
			buildSettings = {
				INFOPLIST_FILE = addUITests/Info.plist;
				LD_RUNPATH_SEARCH_PATHS = "$(inherited) @executable_path/Frameworks @loader_path/Frameworks";
				PRODUCT_BUNDLE_IDENTIFIER = szy.addUITests;
				PRODUCT_NAME = "$(TARGET_NAME)";
				TEST_TARGET_NAME = add;
			};
			name = Release;
		};
/* End XCBuildConfiguration section */

/* Begin XCConfigurationList section */
		648C22B81D1A815D008D87F7 /* Build configuration list for PBXProject "add" */ = {
			isa = XCConfigurationList;
			buildConfigurations = (
				648C22E31D1A815D008D87F7 /* Debug */,
				648C22E41D1A815D008D87F7 /* Release */,
			);
			defaultConfigurationIsVisible = 0;
			defaultConfigurationName = Release;
		};
		648C22E51D1A815D008D87F7 /* Build configuration list for PBXNativeTarget "add" */ = {
			isa = XCConfigurationList;
			buildConfigurations = (
				648C22E61D1A815D008D87F7 /* Debug */,
				648C22E71D1A815D008D87F7 /* Release */,
			);
			defaultConfigurationIsVisible = 0;
		};
		648C22E81D1A815D008D87F7 /* Build configuration list for PBXNativeTarget "addTests" */ = {
			isa = XCConfigurationList;
			buildConfigurations = (
				648C22E91D1A815D008D87F7 /* Debug */,
				648C22EA1D1A815D008D87F7 /* Release */,
			);
			defaultConfigurationIsVisible = 0;
		};
		648C22EB1D1A815D008D87F7 /* Build configuration list for PBXNativeTarget "addUITests" */ = {
			isa = XCConfigurationList;
			buildConfigurations = (
				648C22EC1D1A815D008D87F7 /* Debug */,
				648C22ED1D1A815D008D87F7 /* Release */,
			);
			defaultConfigurationIsVisible = 0;
		};
/* End XCConfigurationList section */
	};
	rootObject = 648C22B51D1A815D008D87F7 /* Project object */;
}
